
Microsoft Visual Studio Solution File, Format Version 12.00
Project("{F2A71F9B-5D33-465A-A702-920D77279786}") = "SuaveRestApi", "SuaveRestApi.fsproj", "{C0316209-2541-44E5-BD2E-5524DB4C92DE}"
EndProject
Global
	GlobalSection(SolutionConfigurationPlatforms) = preSolution
		Debug|Any CPU = Debug|Any CPU
		Release|Any CPU = Release|Any CPU
	EndGlobalSection
	GlobalSection(ProjectConfigurationPlatforms) = postSolution
		{C0316209-2541-44E5-BD2E-5524DB4C92DE}.Debug|Any CPU.ActiveCfg = Debug|Any CPU
		{C0316209-2541-44E5-BD2E-5524DB4C92DE}.Debug|Any CPU.Build.0 = Debug|Any CPU
		{C0316209-2541-44E5-BD2E-5524DB4C92DE}.Release|Any CPU.ActiveCfg = Release|Any CPU
		{C0316209-2541-44E5-BD2E-5524DB4C92DE}.Release|Any CPU.Build.0 = Release|Any CPU
	EndGlobalSection
EndGlobal
